{
  "nodes": {
    "claude-discord-bot": {
      "inputs": {
        "flake-utils": "flake-utils",
        "nix-checks": "nix-checks",
        "nixpkgs": "nixpkgs",
        "rust-overlay": "rust-overlay"
      },
      "locked": {
        "lastModified": 1766040855,
        "narHash": "sha256-NvF8TITcbs32O0lb9z5w2DpH5TWF/rcn1nUwIH53TwA=",
        "owner": "wyatt-avilla",
        "repo": "claude-discord-bot",
        "rev": "9430dda16342d4af4ff7547c735e1385e7ed9efa",
        "type": "github"
      },
      "original": {
        "owner": "wyatt-avilla",
        "repo": "claude-discord-bot",
        "type": "github"
      }
    },
    "flake-utils": {
      "inputs": {
        "systems": "systems"
      },
      "locked": {
        "lastModified": 1731533236,
        "narHash": "sha256-l0KFg5HjrsfsO/JpG+r7fRrqm12kzFHyUHqHCVpMMbI=",
        "owner": "numtide",
        "repo": "flake-utils",
        "rev": "11707dc2f618dd54ca8739b309ec4fc024de578b",
        "type": "github"
      },
      "original": {
        "owner": "numtide",
        "repo": "flake-utils",
        "type": "github"
      }
    },
    "flake-utils_2": {
      "inputs": {
        "systems": "systems_2"
      },
      "locked": {
        "lastModified": 1731533236,
        "narHash": "sha256-l0KFg5HjrsfsO/JpG+r7fRrqm12kzFHyUHqHCVpMMbI=",
        "owner": "numtide",
        "repo": "flake-utils",
        "rev": "11707dc2f618dd54ca8739b309ec4fc024de578b",
        "type": "github"
      },
      "original": {
        "owner": "numtide",
        "repo": "flake-utils",
        "type": "github"
      }
    },
    "flake-utils_3": {
      "inputs": {
        "systems": "systems_3"
      },
      "locked": {
        "lastModified": 1731533236,
        "narHash": "sha256-l0KFg5HjrsfsO/JpG+r7fRrqm12kzFHyUHqHCVpMMbI=",
        "owner": "numtide",
        "repo": "flake-utils",
        "rev": "11707dc2f618dd54ca8739b309ec4fc024de578b",
        "type": "github"
      },
      "original": {
        "owner": "numtide",
        "repo": "flake-utils",
        "type": "github"
      }
    },
    "nix-checks": {
      "inputs": {
        "nixpkgs": [
          "claude-discord-bot",
          "nixpkgs"
        ]
      },
      "locked": {
        "lastModified": 1753764242,
        "narHash": "sha256-dhoA9pnMppaCJO5tzNQaTDV9mQEaL9ijgSRRxDibYKY=",
        "owner": "wyatt-avilla",
        "repo": "nix-ci",
        "rev": "9ef2f997abc1fa03c4e18de0dd3a35858dd9f5e8",
        "type": "github"
      },
      "original": {
        "owner": "wyatt-avilla",
        "repo": "nix-ci",
        "type": "github"
      }
    },
    "nix-checks_2": {
      "inputs": {
        "nixpkgs": [
          "nixpkgs"
        ]
      },
      "locked": {
        "lastModified": 1753764242,
        "narHash": "sha256-dhoA9pnMppaCJO5tzNQaTDV9mQEaL9ijgSRRxDibYKY=",
        "ref": "refs/heads/main",
        "rev": "9ef2f997abc1fa03c4e18de0dd3a35858dd9f5e8",
        "revCount": 30,
        "type": "git",
        "url": "ssh://git@github.com/wyatt-avilla/nix-ci"
      },
      "original": {
        "type": "git",
        "url": "ssh://git@github.com/wyatt-avilla/nix-ci"
      }
    },
    "nix-checks_3": {
      "inputs": {
        "nixpkgs": [
          "nix-secrets",
          "nixpkgs"
        ]
      },
      "locked": {
        "lastModified": 1753764242,
        "narHash": "sha256-dhoA9pnMppaCJO5tzNQaTDV9mQEaL9ijgSRRxDibYKY=",
        "owner": "wyatt-avilla",
        "repo": "nix-ci",
        "rev": "9ef2f997abc1fa03c4e18de0dd3a35858dd9f5e8",
        "type": "github"
      },
      "original": {
        "owner": "wyatt-avilla",
        "repo": "nix-ci",
        "type": "github"
      }
    },
    "nix-secrets": {
      "inputs": {
        "flake-utils": "flake-utils_2",
        "nix-checks": "nix-checks_3",
        "nixpkgs": [
          "nixpkgs"
        ],
        "sops-nix": "sops-nix"
      },
      "locked": {
        "lastModified": 1768273053,
        "narHash": "sha256-xZN7/NbqwZWH6GFftoXQmANWO3iFTqUr2jx6cgj5s68=",
        "ref": "refs/heads/main",
        "rev": "155b359d2fb328d7110c9ce5a8db8f2f440ac17d",
        "revCount": 43,
        "type": "git",
        "url": "ssh://git@github.com/wyatt-avilla/nix-secrets"
      },
      "original": {
        "type": "git",
        "url": "ssh://git@github.com/wyatt-avilla/nix-secrets"
      }
    },
    "nixpkgs": {
      "locked": {
        "lastModified": 1753939845,
        "narHash": "sha256-K2ViRJfdVGE8tpJejs8Qpvvejks1+A4GQej/lBk5y7I=",
        "owner": "nixos",
        "repo": "nixpkgs",
        "rev": "94def634a20494ee057c76998843c015909d6311",
        "type": "github"
      },
      "original": {
        "owner": "nixos",
        "ref": "nixos-unstable",
        "repo": "nixpkgs",
        "type": "github"
      }
    },
    "nixpkgs_2": {
      "locked": {
        "lastModified": 1744536153,
        "narHash": "sha256-awS2zRgF4uTwrOKwwiJcByDzDOdo3Q1rPZbiHQg/N38=",
        "owner": "NixOS",
        "repo": "nixpkgs",
        "rev": "18dd725c29603f582cf1900e0d25f9f1063dbf11",
        "type": "github"
      },
      "original": {
        "owner": "NixOS",
        "ref": "nixpkgs-unstable",
        "repo": "nixpkgs",
        "type": "github"
      }
    },
    "nixpkgs_3": {
      "locked": {
        "lastModified": 1744868846,
        "narHash": "sha256-5RJTdUHDmj12Qsv7XOhuospjAjATNiTMElplWnJE9Hs=",
        "owner": "NixOS",
        "repo": "nixpkgs",
        "rev": "ebe4301cbd8f81c4f8d3244b3632338bbeb6d49c",
        "type": "github"
      },
      "original": {
        "owner": "NixOS",
        "ref": "nixpkgs-unstable",
        "repo": "nixpkgs",
        "type": "github"
      }
    },
    "nixpkgs_4": {
      "locked": {
        "lastModified": 1767767207,
        "narHash": "sha256-Mj3d3PfwltLmukFal5i3fFt27L6NiKXdBezC1EBuZs4=",
        "owner": "nixos",
        "repo": "nixpkgs",
        "rev": "5912c1772a44e31bf1c63c0390b90501e5026886",
        "type": "github"
      },
      "original": {
        "owner": "nixos",
        "ref": "nixos-unstable",
        "repo": "nixpkgs",
        "type": "github"
      }
    },
    "nixpkgs_5": {
      "locked": {
        "lastModified": 1765934234,
        "narHash": "sha256-pJjWUzNnjbIAMIc5gRFUuKCDQ9S1cuh3b2hKgA7Mc4A=",
        "owner": "nixos",
        "repo": "nixpkgs",
        "rev": "af84f9d270d404c17699522fab95bbf928a2d92f",
        "type": "github"
      },
      "original": {
        "owner": "nixos",
        "ref": "nixpkgs-unstable",
        "repo": "nixpkgs",
        "type": "github"
      }
    },
    "nixpkgs_6": {
      "locked": {
        "lastModified": 1744536153,
        "narHash": "sha256-awS2zRgF4uTwrOKwwiJcByDzDOdo3Q1rPZbiHQg/N38=",
        "owner": "NixOS",
        "repo": "nixpkgs",
        "rev": "18dd725c29603f582cf1900e0d25f9f1063dbf11",
        "type": "github"
      },
      "original": {
        "owner": "NixOS",
        "ref": "nixpkgs-unstable",
        "repo": "nixpkgs",
        "type": "github"
      }
    },
    "root": {
      "inputs": {
        "claude-discord-bot": "claude-discord-bot",
        "nix-checks": "nix-checks_2",
        "nix-secrets": "nix-secrets",
        "nixpkgs": "nixpkgs_4",
        "wyattwtf": "wyattwtf"
      }
    },
    "rust-overlay": {
      "inputs": {
        "nixpkgs": "nixpkgs_2"
      },
      "locked": {
        "lastModified": 1754189623,
        "narHash": "sha256-fstu5eb30UYwsxow0aQqkzxNxGn80UZjyehQVNVHuBk=",
        "owner": "oxalica",
        "repo": "rust-overlay",
        "rev": "c582ff7f0d8a7ea689ae836dfb1773f1814f472a",
        "type": "github"
      },
      "original": {
        "owner": "oxalica",
        "repo": "rust-overlay",
        "type": "github"
      }
    },
    "rust-overlay_2": {
      "inputs": {
        "nixpkgs": "nixpkgs_6"
      },
      "locked": {
        "lastModified": 1765939271,
        "narHash": "sha256-7F/d+ZrTYyOxnBZcleQZjOOEWc1IMXR/CLLRLLsVtHo=",
        "owner": "oxalica",
        "repo": "rust-overlay",
        "rev": "8028944c1339469124639da276d403d8ab7929a8",
        "type": "github"
      },
      "original": {
        "owner": "oxalica",
        "repo": "rust-overlay",
        "type": "github"
      }
    },
    "sops-nix": {
      "inputs": {
        "nixpkgs": "nixpkgs_3"
      },
      "locked": {
        "lastModified": 1745310711,
        "narHash": "sha256-ePyTpKEJTgX0gvgNQWd7tQYQ3glIkbqcW778RpHlqgA=",
        "owner": "Mic92",
        "repo": "sops-nix",
        "rev": "5e3e92b16d6fdf9923425a8d4df7496b2434f39c",
        "type": "github"
      },
      "original": {
        "owner": "Mic92",
        "repo": "sops-nix",
        "type": "github"
      }
    },
    "systems": {
      "locked": {
        "lastModified": 1681028828,
        "narHash": "sha256-Vy1rq5AaRuLzOxct8nz4T6wlgyUR7zLU309k9mBC768=",
        "owner": "nix-systems",
        "repo": "default",
        "rev": "da67096a3b9bf56a91d16901293e51ba5b49a27e",
        "type": "github"
      },
      "original": {
        "owner": "nix-systems",
        "repo": "default",
        "type": "github"
      }
    },
    "systems_2": {
      "locked": {
        "lastModified": 1681028828,
        "narHash": "sha256-Vy1rq5AaRuLzOxct8nz4T6wlgyUR7zLU309k9mBC768=",
        "owner": "nix-systems",
        "repo": "default",
        "rev": "da67096a3b9bf56a91d16901293e51ba5b49a27e",
        "type": "github"
      },
      "original": {
        "owner": "nix-systems",
        "repo": "default",
        "type": "github"
      }
    },
    "systems_3": {
      "locked": {
        "lastModified": 1681028828,
        "narHash": "sha256-Vy1rq5AaRuLzOxct8nz4T6wlgyUR7zLU309k9mBC768=",
        "owner": "nix-systems",
        "repo": "default",
        "rev": "da67096a3b9bf56a91d16901293e51ba5b49a27e",
        "type": "github"
      },
      "original": {
        "owner": "nix-systems",
        "repo": "default",
        "type": "github"
      }
    },
    "wyattwtf": {
      "inputs": {
        "flake-utils": "flake-utils_3",
        "nixpkgs": "nixpkgs_5",
        "rust-overlay": "rust-overlay_2"
      },
      "locked": {
        "lastModified": 1766037486,
        "narHash": "sha256-WFZqL6jSeCIbDJXLg7aWcMQ+qlQjswiFKC+hyRLbI+Q=",
        "owner": "wyatt-avilla",
        "repo": "wyatt.wtf",
        "rev": "15c56ffa37f11d70e0c0823b2a68cb119af8bcb1",
        "type": "github"
      },
      "original": {
        "owner": "wyatt-avilla",
        "repo": "wyatt.wtf",
        "type": "github"
      }
    }
  },
  "root": "root",
  "version": 7
}
